
Microsoft Visual Studio Solution File, Format Version 12.00
# Visual Studio 2012
Project("{FAE04EC0-301F-11D3-BF4B-00C04F79EFBC}") = "jSkin", "jSkin.csproj", "{BC7CD49C-4A90-4B9D-A559-CA78ED0D1C6A}"
EndProject
Project("{FAE04EC0-301F-11D3-BF4B-00C04F79EFBC}") = "jSkinExample", "..\jSkinExample\jSkinExample.csproj", "{CA141D21-968D-464F-8680-EDA462F1E4A9}"
EndProject
Global
	GlobalSection(TeamFoundationVersionControl) = preSolution
		SccNumberOfProjects = 3
		SccEnterpriseProvider = {4CA58AB2-18FA-4F8D-95D4-32DDF27D184C}
		SccTeamFoundationServer = https://tfs.codeplex.com/tfs/tfs27
		SccProjectUniqueName0 = jSkin.csproj
		SccLocalPath0 = .
		SccLocalPath1 = .
		SccProjectUniqueName2 = ..\\jSkinExample\\jSkinExample.csproj
		SccProjectName2 = ../jSkinExample
		SccLocalPath2 = ..\\jSkinExample
	EndGlobalSection
	GlobalSection(SolutionConfigurationPlatforms) = preSolution
		Debug|Any CPU = Debug|Any CPU
		Debug|Mixed Platforms = Debug|Mixed Platforms
		Debug|x86 = Debug|x86
		Release|Any CPU = Release|Any CPU
		Release|Mixed Platforms = Release|Mixed Platforms
		Release|x86 = Release|x86
	EndGlobalSection
	GlobalSection(ProjectConfigurationPlatforms) = postSolution
		{BC7CD49C-4A90-4B9D-A559-CA78ED0D1C6A}.Debug|Any CPU.ActiveCfg = Debug|Any CPU
		{BC7CD49C-4A90-4B9D-A559-CA78ED0D1C6A}.Debug|Any CPU.Build.0 = Debug|Any CPU
		{BC7CD49C-4A90-4B9D-A559-CA78ED0D1C6A}.Debug|Mixed Platforms.ActiveCfg = Debug|Any CPU
		{BC7CD49C-4A90-4B9D-A559-CA78ED0D1C6A}.Debug|Mixed Platforms.Build.0 = Debug|Any CPU
		{BC7CD49C-4A90-4B9D-A559-CA78ED0D1C6A}.Debug|x86.ActiveCfg = Debug|Any CPU
		{BC7CD49C-4A90-4B9D-A559-CA78ED0D1C6A}.Release|Any CPU.ActiveCfg = Release|Any CPU
		{BC7CD49C-4A90-4B9D-A559-CA78ED0D1C6A}.Release|Any CPU.Build.0 = Release|Any CPU
		{BC7CD49C-4A90-4B9D-A559-CA78ED0D1C6A}.Release|Mixed Platforms.ActiveCfg = Release|Any CPU
		{BC7CD49C-4A90-4B9D-A559-CA78ED0D1C6A}.Release|Mixed Platforms.Build.0 = Release|Any CPU
		{BC7CD49C-4A90-4B9D-A559-CA78ED0D1C6A}.Release|x86.ActiveCfg = Release|Any CPU
		{CA141D21-968D-464F-8680-EDA462F1E4A9}.Debug|Any CPU.ActiveCfg = Debug|Any CPU
		{CA141D21-968D-464F-8680-EDA462F1E4A9}.Debug|Any CPU.Build.0 = Debug|Any CPU
		{CA141D21-968D-464F-8680-EDA462F1E4A9}.Debug|Mixed Platforms.ActiveCfg = Debug|Any CPU
		{CA141D21-968D-464F-8680-EDA462F1E4A9}.Debug|Mixed Platforms.Build.0 = Debug|Any CPU
		{CA141D21-968D-464F-8680-EDA462F1E4A9}.Debug|x86.ActiveCfg = Debug|Any CPU
		{CA141D21-968D-464F-8680-EDA462F1E4A9}.Release|Any CPU.ActiveCfg = Release|Any CPU
		{CA141D21-968D-464F-8680-EDA462F1E4A9}.Release|Any CPU.Build.0 = Release|Any CPU
		{CA141D21-968D-464F-8680-EDA462F1E4A9}.Release|Mixed Platforms.ActiveCfg = Release|Any CPU
		{CA141D21-968D-464F-8680-EDA462F1E4A9}.Release|Mixed Platforms.Build.0 = Release|Any CPU
		{CA141D21-968D-464F-8680-EDA462F1E4A9}.Release|x86.ActiveCfg = Release|Any CPU
	EndGlobalSection
	GlobalSection(SolutionProperties) = preSolution
		HideSolutionNode = FALSE
	EndGlobalSection
EndGlobal
